
Microsoft Visual Studio Solution File, Format Version 12.00
# Visual Studio 15
VisualStudioVersion = 15.0.28307.1831
MinimumVisualStudioVersion = 10.0.40219.1
Project("{FAE04EC0-301F-11D3-BF4B-00C04F79EFBC}") = "CarRepair", "CarRepair\CarRepair.csproj", "{AB80C31F-9A45-4AC1-95C8-060E7A4A2A26}"
EndProject
Global
	GlobalSection(SolutionConfigurationPlatforms) = preSolution
		Debug|Any CPU = Debug|Any CPU
		Release|Any CPU = Release|Any CPU
	EndGlobalSection
	GlobalSection(ProjectConfigurationPlatforms) = postSolution
		{AB80C31F-9A45-4AC1-95C8-060E7A4A2A26}.Debug|Any CPU.ActiveCfg = Debug|Any CPU
		{AB80C31F-9A45-4AC1-95C8-060E7A4A2A26}.Debug|Any CPU.Build.0 = Debug|Any CPU
		{AB80C31F-9A45-4AC1-95C8-060E7A4A2A26}.Release|Any CPU.ActiveCfg = Release|Any CPU
		{AB80C31F-9A45-4AC1-95C8-060E7A4A2A26}.Release|Any CPU.Build.0 = Release|Any CPU
	EndGlobalSection
	GlobalSection(SolutionProperties) = preSolution
		HideSolutionNode = FALSE
	EndGlobalSection
	GlobalSection(ExtensibilityGlobals) = postSolution
		SolutionGuid = {0305C7F3-C36A-4463-8D5E-75648A4C3D28}
	EndGlobalSection
EndGlobal
